// !$*UTF8*$!
{
	archiveVersion = 1;
	classes = {
	};
	objectVersion = 50;
	objects = {

/* Begin PBXBuildFile section */
		B61A5A0222A62B9C0010199A /* AppDelegate.swift in Sources */ = {isa = PBXBuildFile; fileRef = B61A5A0122A62B9C0010199A /* AppDelegate.swift */; };
		B61A5A0422A62B9C0010199A /* ViewController.swift in Sources */ = {isa = PBXBuildFile; fileRef = B61A5A0322A62B9C0010199A /* ViewController.swift */; };
		B61A5A0722A62B9C0010199A /* Main.storyboard in Resources */ = {isa = PBXBuildFile; fileRef = B61A5A0522A62B9C0010199A /* Main.storyboard */; };
		B61A5A0922A62B9D0010199A /* Assets.xcassets in Resources */ = {isa = PBXBuildFile; fileRef = B61A5A0822A62B9D0010199A /* Assets.xcassets */; };
		B61A5A0C22A62B9D0010199A /* LaunchScreen.storyboard in Resources */ = {isa = PBXBuildFile; fileRef = B61A5A0A22A62B9D0010199A /* LaunchScreen.storyboard */; };
		B61A5A1722A9B62D0010199A /* Notification Delegate.swift in Sources */ = {isa = PBXBuildFile; fileRef = B61A5A1622A9B62D0010199A /* Notification Delegate.swift */; };
		B67C2E1222EE333500A915E8 /* Receiver.swift in Sources */ = {isa = PBXBuildFile; fileRef = B67C2E1122EE333500A915E8 /* Receiver.swift */; };
/* End PBXBuildFile section */

/* Begin PBXFileReference section */
		B61A59FE22A62B9C0010199A /* DailyTextReminder.app */ = {isa = PBXFileReference; explicitFileType = wrapper.application; includeInIndex = 0; path = DailyTextReminder.app; sourceTree = BUILT_PRODUCTS_DIR; };
		B61A5A0122A62B9C0010199A /* AppDelegate.swift */ = {isa = PBXFileReference; lastKnownFileType = sourcecode.swift; path = AppDelegate.swift; sourceTree = "<group>"; };
		B61A5A0322A62B9C0010199A /* ViewController.swift */ = {isa = PBXFileReference; lastKnownFileType = sourcecode.swift; path = ViewController.swift; sourceTree = "<group>"; };
		B61A5A0622A62B9C0010199A /* Base */ = {isa = PBXFileReference; lastKnownFileType = file.storyboard; name = Base; path = Base.lproj/Main.storyboard; sourceTree = "<group>"; };
		B61A5A0822A62B9D0010199A /* Assets.xcassets */ = {isa = PBXFileReference; lastKnownFileType = folder.assetcatalog; path = Assets.xcassets; sourceTree = "<group>"; };
		B61A5A0B22A62B9D0010199A /* Base */ = {isa = PBXFileReference; lastKnownFileType = file.storyboard; name = Base; path = Base.lproj/LaunchScreen.storyboard; sourceTree = "<group>"; };
		B61A5A0D22A62B9D0010199A /* Info.plist */ = {isa = PBXFileReference; lastKnownFileType = text.plist.xml; path = Info.plist; sourceTree = "<group>"; };
		B61A5A1622A9B62D0010199A /* Notification Delegate.swift */ = {isa = PBXFileReference; lastKnownFileType = sourcecode.swift; path = "Notification Delegate.swift"; sourceTree = "<group>"; };
		B67C2E1122EE333500A915E8 /* Receiver.swift */ = {isa = PBXFileReference; lastKnownFileType = sourcecode.swift; path = Receiver.swift; sourceTree = "<group>"; };
/* End PBXFileReference section */

/* Begin PBXFrameworksBuildPhase section */
		B61A59FB22A62B9C0010199A /* Frameworks */ = {
			isa = PBXFrameworksBuildPhase;
			buildActionMask = 2147483647;
			files = (
			);
			runOnlyForDeploymentPostprocessing = 0;
		};
/* End PBXFrameworksBuildPhase section */

/* Begin PBXGroup section */
		B61A59F522A62B9C0010199A = {
			isa = PBXGroup;
			children = (
				B61A5A0022A62B9C0010199A /* DailyTextReminder */,
				B61A59FF22A62B9C0010199A /* Products */,
			);
			sourceTree = "<group>";
		};
		B61A59FF22A62B9C0010199A /* Products */ = {
			isa = PBXGroup;
			children = (
				B61A59FE22A62B9C0010199A /* DailyTextReminder.app */,
			);
			name = Products;
			sourceTree = "<group>";
		};
		B61A5A0022A62B9C0010199A /* DailyTextReminder */ = {
			isa = PBXGroup;
			children = (
				B67C2E1022EE330300A915E8 /* Model */,
				B61A5A0122A62B9C0010199A /* AppDelegate.swift */,
				B61A5A0322A62B9C0010199A /* ViewController.swift */,
				B61A5A0522A62B9C0010199A /* Main.storyboard */,
				B61A5A0822A62B9D0010199A /* Assets.xcassets */,
				B61A5A0A22A62B9D0010199A /* LaunchScreen.storyboard */,
				B61A5A0D22A62B9D0010199A /* Info.plist */,
				B61A5A1622A9B62D0010199A /* Notification Delegate.swift */,
			);
			path = DailyTextReminder;
			sourceTree = "<group>";
		};
		B67C2E1022EE330300A915E8 /* Model */ = {
			isa = PBXGroup;
			children = (
				B67C2E1122EE333500A915E8 /* Receiver.swift */,
			);
			path = Model;
			sourceTree = "<group>";
		};
/* End PBXGroup section */

/* Begin PBXNativeTarget section */
		B61A59FD22A62B9C0010199A /* DailyTextReminder */ = {
			isa = PBXNativeTarget;
			buildConfigurationList = B61A5A1022A62B9D0010199A /* Build configuration list for PBXNativeTarget "DailyTextReminder" */;
			buildPhases = (
				B61A59FA22A62B9C0010199A /* Sources */,
				B61A59FB22A62B9C0010199A /* Frameworks */,
				B61A59FC22A62B9C0010199A /* Resources */,
			);
			buildRules = (
			);
			dependencies = (
			);
			name = DailyTextReminder;
			productName = DailyTextReminder;
			productReference = B61A59FE22A62B9C0010199A /* DailyTextReminder.app */;
			productType = "com.apple.product-type.application";
		};
/* End PBXNativeTarget section */

/* Begin PBXProject section */
		B61A59F622A62B9C0010199A /* Project object */ = {
			isa = PBXProject;
			attributes = {
				LastSwiftUpdateCheck = 1020;
				LastUpgradeCheck = 1020;
				ORGANIZATIONNAME = Flamango;
				TargetAttributes = {
					B61A59FD22A62B9C0010199A = {
						CreatedOnToolsVersion = 10.2.1;
						SystemCapabilities = {
							com.apple.Push = {
								enabled = 0;
							};
						};
					};
				};
			};
			buildConfigurationList = B61A59F922A62B9C0010199A /* Build configuration list for PBXProject "DailyTextReminder" */;
			compatibilityVersion = "Xcode 9.3";
			developmentRegion = en;
			hasScannedForEncodings = 0;
			knownRegions = (
				en,
				Base,
			);
			mainGroup = B61A59F522A62B9C0010199A;
			productRefGroup = B61A59FF22A62B9C0010199A /* Products */;
			projectDirPath = "";
			projectRoot = "";
			targets = (
				B61A59FD22A62B9C0010199A /* DailyTextReminder */,
			);
		};
/* End PBXProject section */

/* Begin PBXResourcesBuildPhase section */
		B61A59FC22A62B9C0010199A /* Resources */ = {
			isa = PBXResourcesBuildPhase;
			buildActionMask = 2147483647;
			files = (
				B61A5A0C22A62B9D0010199A /* LaunchScreen.storyboard in Resources */,
				B61A5A0922A62B9D0010199A /* Assets.xcassets in Resources */,
				B61A5A0722A62B9C0010199A /* Main.storyboard in Resources */,
			);
			runOnlyForDeploymentPostprocessing = 0;
		};
/* End PBXResourcesBuildPhase section */

/* Begin PBXSourcesBuildPhase section */
		B61A59FA22A62B9C0010199A /* Sources */ = {
			isa = PBXSourcesBuildPhase;
			buildActionMask = 2147483647;
			files = (
				B61A5A0422A62B9C0010199A /* ViewController.swift in Sources */,
				B61A5A0222A62B9C0010199A /* AppDelegate.swift in Sources */,
				B67C2E1222EE333500A915E8 /* Receiver.swift in Sources */,
				B61A5A1722A9B62D0010199A /* Notification Delegate.swift in Sources */,
			);
			runOnlyForDeploymentPostprocessing = 0;
		};
/* End PBXSourcesBuildPhase section */

/* Begin PBXVariantGroup section */
		B61A5A0522A62B9C0010199A /* Main.storyboard */ = {
			isa = PBXVariantGroup;
			children = (
				B61A5A0622A62B9C0010199A /* Base */,
			);
			name = Main.storyboard;
			sourceTree = "<group>";
		};
		B61A5A0A22A62B9D0010199A /* LaunchScreen.storyboard */ = {
			isa = PBXVariantGroup;
			children = (
				B61A5A0B22A62B9D0010199A /* Base */,
			);
			name = LaunchScreen.storyboard;
			sourceTree = "<group>";
		};
/* End PBXVariantGroup section */

/* Begin XCBuildConfiguration section */
		B61A5A0E22A62B9D0010199A /* Debug */ = {
			isa = XCBuildConfiguration;
			buildSettings = {
				ALWAYS_SEARCH_USER_PATHS = NO;
				CLANG_ANALYZER_NONNULL = YES;
				CLANG_ANALYZER_NUMBER_OBJECT_CONVERSION = YES_AGGRESSIVE;
				CLANG_CXX_LANGUAGE_STANDARD = "gnu++14";
				CLANG_CXX_LIBRARY = "libc++";
				CLANG_ENABLE_MODULES = YES;
				CLANG_ENABLE_OBJC_ARC = YES;
				CLANG_ENABLE_OBJC_WEAK = YES;
				CLANG_WARN_BLOCK_CAPTURE_AUTORELEASING = YES;
				CLANG_WARN_BOOL_CONVERSION = YES;
				CLANG_WARN_COMMA = YES;
				CLANG_WARN_CONSTANT_CONVERSION = YES;
				CLANG_WARN_DEPRECATED_OBJC_IMPLEMENTATIONS = YES;
				CLANG_WARN_DIRECT_OBJC_ISA_USAGE = YES_ERROR;
				CLANG_WARN_DOCUMENTATION_COMMENTS = YES;
				CLANG_WARN_EMPTY_BODY = YES;
				CLANG_WARN_ENUM_CONVERSION = YES;
				CLANG_WARN_INFINITE_RECURSION = YES;
				CLANG_WARN_INT_CONVERSION = YES;
				CLANG_WARN_NON_LITERAL_NULL_CONVERSION = YES;
				CLANG_WARN_OBJC_IMPLICIT_RETAIN_SELF = YES;
				CLANG_WARN_OBJC_LITERAL_CONVERSION = YES;
				CLANG_WARN_OBJC_ROOT_CLASS = YES_ERROR;
				CLANG_WARN_RANGE_LOOP_ANALYSIS = YES;
				CLANG_WARN_STRICT_PROTOTYPES = YES;
				CLANG_WARN_SUSPICIOUS_MOVE = YES;
				CLANG_WARN_UNGUARDED_AVAILABILITY = YES_AGGRESSIVE;
				CLANG_WARN_UNREACHABLE_CODE = YES;
				CLANG_WARN__DUPLICATE_METHOD_MATCH = YES;
				CODE_SIGN_IDENTITY = "iPhone Developer";
				COPY_PHASE_STRIP = NO;
				DEBUG_INFORMATION_FORMAT = dwarf;
				ENABLE_STRICT_OBJC_MSGSEND = YES;
				ENABLE_TESTABILITY = YES;
				GCC_C_LANGUAGE_STANDARD = gnu11;
				GCC_DYNAMIC_NO_PIC = NO;
				GCC_NO_COMMON_BLOCKS = YES;
				GCC_OPTIMIZATION_LEVEL = 0;
				GCC_PREPROCESSOR_DEFINITIONS = (
					"DEBUG=1",
					"$(inherited)",
				);
				GCC_WARN_64_TO_32_BIT_CONVERSION = YES;
				GCC_WARN_ABOUT_RETURN_TYPE = YES_ERROR;
				GCC_WARN_UNDECLARED_SELECTOR = YES;
				GCC_WARN_UNINITIALIZED_AUTOS = YES_AGGRESSIVE;
				GCC_WARN_UNUSED_FUNCTION = YES;
				GCC_WARN_UNUSED_VARIABLE = YES;
				IPHONEOS_DEPLOYMENT_TARGET = 12.2;
				MTL_ENABLE_DEBUG_INFO = INCLUDE_SOURCE;
				MTL_FAST_MATH = YES;
				ONLY_ACTIVE_ARCH = YES;
				SDKROOT = iphoneos;
				SWIFT_ACTIVE_COMPILATION_CONDITIONS = DEBUG;
				SWIFT_OPTIMIZATION_LEVEL = "-Onone";
			};
			name = Debug;
		};
		B61A5A0F22A62B9D0010199A /* Release */ = {
			isa = XCBuildConfiguration;
			buildSettings = {
				ALWAYS_SEARCH_USER_PATHS = NO;
				CLANG_ANALYZER_NONNULL = YES;
				CLANG_ANALYZER_NUMBER_OBJECT_CONVERSION = YES_AGGRESSIVE;
				CLANG_CXX_LANGUAGE_STANDARD = "gnu++14";
				CLANG_CXX_LIBRARY = "libc++";
				CLANG_ENABLE_MODULES = YES;
				CLANG_ENABLE_OBJC_ARC = YES;
				CLANG_ENABLE_OBJC_WEAK = YES;
				CLANG_WARN_BLOCK_CAPTURE_AUTORELEASING = YES;
				CLANG_WARN_BOOL_CONVERSION = YES;
				CLANG_WARN_COMMA = YES;
				CLANG_WARN_CONSTANT_CONVERSION = YES;
				CLANG_WARN_DEPRECATED_OBJC_IMPLEMENTATIONS = YES;
				CLANG_WARN_DIRECT_OBJC_ISA_USAGE = YES_ERROR;
				CLANG_WARN_DOCUMENTATION_COMMENTS = YES;
				CLANG_WARN_EMPTY_BODY = YES;
				CLANG_WARN_ENUM_CONVERSION = YES;
				CLANG_WARN_INFINITE_RECURSION = YES;
				CLANG_WARN_INT_CONVERSION = YES;
				CLANG_WARN_NON_LITERAL_NULL_CONVERSION = YES;
				CLANG_WARN_OBJC_IMPLICIT_RETAIN_SELF = YES;
				CLANG_WARN_OBJC_LITERAL_CONVERSION = YES;
				CLANG_WARN_OBJC_ROOT_CLASS = YES_ERROR;
				CLANG_WARN_RANGE_LOOP_ANALYSIS = YES;
				CLANG_WARN_STRICT_PROTOTYPES = YES;
				CLANG_WARN_SUSPICIOUS_MOVE = YES;
				CLANG_WARN_UNGUARDED_AVAILABILITY = YES_AGGRESSIVE;
				CLANG_WARN_UNREACHABLE_CODE = YES;
				CLANG_WARN__DUPLICATE_METHOD_MATCH = YES;
				CODE_SIGN_IDENTITY = "iPhone Developer";
				COPY_PHASE_STRIP = NO;
				DEBUG_INFORMATION_FORMAT = "dwarf-with-dsym";
				ENABLE_NS_ASSERTIONS = NO;
				ENABLE_STRICT_OBJC_MSGSEND = YES;
				GCC_C_LANGUAGE_STANDARD = gnu11;
				GCC_NO_COMMON_BLOCKS = YES;
				GCC_WARN_64_TO_32_BIT_CONVERSION = YES;
				GCC_WARN_ABOUT_RETURN_TYPE = YES_ERROR;
				GCC_WARN_UNDECLARED_SELECTOR = YES;
				GCC_WARN_UNINITIALIZED_AUTOS = YES_AGGRESSIVE;
				GCC_WARN_UNUSED_FUNCTION = YES;
				GCC_WARN_UNUSED_VARIABLE = YES;
				IPHONEOS_DEPLOYMENT_TARGET = 12.2;
				MTL_ENABLE_DEBUG_INFO = NO;
				MTL_FAST_MATH = YES;
				SDKROOT = iphoneos;
				SWIFT_COMPILATION_MODE = wholemodule;
				SWIFT_OPTIMIZATION_LEVEL = "-O";
				VALIDATE_PRODUCT = YES;
			};
			name = Release;
		};
		B61A5A1122A62B9D0010199A /* Debug */ = {
			isa = XCBuildConfiguration;
			buildSettings = {
				ASSETCATALOG_COMPILER_APPICON_NAME = AppIcon;
				CODE_SIGN_STYLE = Automatic;
				DEVELOPMENT_TEAM = 6W9QHCJPR8;
				INFOPLIST_FILE = DailyTextReminder/Info.plist;
				LD_RUNPATH_SEARCH_PATHS = (
					"$(inherited)",
					"@executable_path/Frameworks",
				);
				PRODUCT_BUNDLE_IDENTIFIER = Flamango.DailySmsReminder;
				PRODUCT_NAME = "$(TARGET_NAME)";
				SWIFT_VERSION = 5.0;
				TARGETED_DEVICE_FAMILY = "1,2";
			};
			name = Debug;
		};
		B61A5A1222A62B9D0010199A /* Release */ = {
			isa = XCBuildConfiguration;
			buildSettings = {
				ASSETCATALOG_COMPILER_APPICON_NAME = AppIcon;
				CODE_SIGN_STYLE = Automatic;
				DEVELOPMENT_TEAM = 6W9QHCJPR8;
				INFOPLIST_FILE = DailyTextReminder/Info.plist;
				LD_RUNPATH_SEARCH_PATHS = (
					"$(inherited)",
					"@executable_path/Frameworks",
				);
				PRODUCT_BUNDLE_IDENTIFIER = Flamango.DailySmsReminder;
				PRODUCT_NAME = "$(TARGET_NAME)";
				SWIFT_VERSION = 5.0;
				TARGETED_DEVICE_FAMILY = "1,2";
			};
			name = Release;
		};
/* End XCBuildConfiguration section */

/* Begin XCConfigurationList section */
		B61A59F922A62B9C0010199A /* Build configuration list for PBXProject "DailyTextReminder" */ = {
			isa = XCConfigurationList;
			buildConfigurations = (
				B61A5A0E22A62B9D0010199A /* Debug */,
				B61A5A0F22A62B9D0010199A /* Release */,
			);
			defaultConfigurationIsVisible = 0;
			defaultConfigurationName = Release;
		};
		B61A5A1022A62B9D0010199A /* Build configuration list for PBXNativeTarget "DailyTextReminder" */ = {
			isa = XCConfigurationList;
			buildConfigurations = (
				B61A5A1122A62B9D0010199A /* Debug */,
				B61A5A1222A62B9D0010199A /* Release */,
			);
			defaultConfigurationIsVisible = 0;
			defaultConfigurationName = Release;
		};
/* End XCConfigurationList section */
	};
	rootObject = B61A59F622A62B9C0010199A /* Project object */;
}
